// !$*UTF8*$!
{
	archiveVersion = 1;
	classes = {
	};
	objectVersion = 48;
	objects = {

/* Begin PBXBuildFile section */
		D97C84B1207F082700B3490C /* AppDelegate.swift in Sources */ = {isa = PBXBuildFile; fileRef = D97C84B0207F082700B3490C /* AppDelegate.swift */; };
		D97C84B3207F082700B3490C /* ViewController.swift in Sources */ = {isa = PBXBuildFile; fileRef = D97C84B2207F082700B3490C /* ViewController.swift */; };
		D97C84B6207F082700B3490C /* Main.storyboard in Resources */ = {isa = PBXBuildFile; fileRef = D97C84B4207F082700B3490C /* Main.storyboard */; };
		D97C84B8207F082700B3490C /* Assets.xcassets in Resources */ = {isa = PBXBuildFile; fileRef = D97C84B7207F082700B3490C /* Assets.xcassets */; };
		D97C84BB207F082700B3490C /* LaunchScreen.storyboard in Resources */ = {isa = PBXBuildFile; fileRef = D97C84B9207F082700B3490C /* LaunchScreen.storyboard */; };
		D97C84C6207F082800B3490C /* autoLayoutTests.swift in Sources */ = {isa = PBXBuildFile; fileRef = D97C84C5207F082800B3490C /* autoLayoutTests.swift */; };
		D97C84D1207F082800B3490C /* autoLayoutUITests.swift in Sources */ = {isa = PBXBuildFile; fileRef = D97C84D0207F082800B3490C /* autoLayoutUITests.swift */; };
/* End PBXBuildFile section */

/* Begin PBXContainerItemProxy section */
		D97C84C2207F082800B3490C /* PBXContainerItemProxy */ = {
			isa = PBXContainerItemProxy;
			containerPortal = D97C84A5207F082700B3490C /* Project object */;
			proxyType = 1;
			remoteGlobalIDString = D97C84AC207F082700B3490C;
			remoteInfo = autoLayout;
		};
		D97C84CD207F082800B3490C /* PBXContainerItemProxy */ = {
			isa = PBXContainerItemProxy;
			containerPortal = D97C84A5207F082700B3490C /* Project object */;
			proxyType = 1;
			remoteGlobalIDString = D97C84AC207F082700B3490C;
			remoteInfo = autoLayout;
		};
/* End PBXContainerItemProxy section */

/* Begin PBXFileReference section */
		D97C84AD207F082700B3490C /* autoLayout.app */ = {isa = PBXFileReference; explicitFileType = wrapper.application; includeInIndex = 0; path = autoLayout.app; sourceTree = BUILT_PRODUCTS_DIR; };
		D97C84B0207F082700B3490C /* AppDelegate.swift */ = {isa = PBXFileReference; lastKnownFileType = sourcecode.swift; path = AppDelegate.swift; sourceTree = "<group>"; };
		D97C84B2207F082700B3490C /* ViewController.swift */ = {isa = PBXFileReference; lastKnownFileType = sourcecode.swift; path = ViewController.swift; sourceTree = "<group>"; };
		D97C84B5207F082700B3490C /* Base */ = {isa = PBXFileReference; lastKnownFileType = file.storyboard; name = Base; path = Base.lproj/Main.storyboard; sourceTree = "<group>"; };
		D97C84B7207F082700B3490C /* Assets.xcassets */ = {isa = PBXFileReference; lastKnownFileType = folder.assetcatalog; path = Assets.xcassets; sourceTree = "<group>"; };
		D97C84BA207F082700B3490C /* Base */ = {isa = PBXFileReference; lastKnownFileType = file.storyboard; name = Base; path = Base.lproj/LaunchScreen.storyboard; sourceTree = "<group>"; };
		D97C84BC207F082700B3490C /* Info.plist */ = {isa = PBXFileReference; lastKnownFileType = text.plist.xml; path = Info.plist; sourceTree = "<group>"; };
		D97C84C1207F082800B3490C /* autoLayoutTests.xctest */ = {isa = PBXFileReference; explicitFileType = wrapper.cfbundle; includeInIndex = 0; path = autoLayoutTests.xctest; sourceTree = BUILT_PRODUCTS_DIR; };
		D97C84C5207F082800B3490C /* autoLayoutTests.swift */ = {isa = PBXFileReference; lastKnownFileType = sourcecode.swift; path = autoLayoutTests.swift; sourceTree = "<group>"; };
		D97C84C7207F082800B3490C /* Info.plist */ = {isa = PBXFileReference; lastKnownFileType = text.plist.xml; path = Info.plist; sourceTree = "<group>"; };
		D97C84CC207F082800B3490C /* autoLayoutUITests.xctest */ = {isa = PBXFileReference; explicitFileType = wrapper.cfbundle; includeInIndex = 0; path = autoLayoutUITests.xctest; sourceTree = BUILT_PRODUCTS_DIR; };
		D97C84D0207F082800B3490C /* autoLayoutUITests.swift */ = {isa = PBXFileReference; lastKnownFileType = sourcecode.swift; path = autoLayoutUITests.swift; sourceTree = "<group>"; };
		D97C84D2207F082800B3490C /* Info.plist */ = {isa = PBXFileReference; lastKnownFileType = text.plist.xml; path = Info.plist; sourceTree = "<group>"; };
/* End PBXFileReference section */

/* Begin PBXFrameworksBuildPhase section */
		D97C84AA207F082700B3490C /* Frameworks */ = {
			isa = PBXFrameworksBuildPhase;
			buildActionMask = 2147483647;
			files = (
			);
			runOnlyForDeploymentPostprocessing = 0;
		};
		D97C84BE207F082800B3490C /* Frameworks */ = {
			isa = PBXFrameworksBuildPhase;
			buildActionMask = 2147483647;
			files = (
			);
			runOnlyForDeploymentPostprocessing = 0;
		};
		D97C84C9207F082800B3490C /* Frameworks */ = {
			isa = PBXFrameworksBuildPhase;
			buildActionMask = 2147483647;
			files = (
			);
			runOnlyForDeploymentPostprocessing = 0;
		};
/* End PBXFrameworksBuildPhase section */

/* Begin PBXGroup section */
		D97C84A4207F082700B3490C = {
			isa = PBXGroup;
			children = (
				D97C84AF207F082700B3490C /* autoLayout */,
				D97C84C4207F082800B3490C /* autoLayoutTests */,
				D97C84CF207F082800B3490C /* autoLayoutUITests */,
				D97C84AE207F082700B3490C /* Products */,
			);
			sourceTree = "<group>";
		};
		D97C84AE207F082700B3490C /* Products */ = {
			isa = PBXGroup;
			children = (
				D97C84AD207F082700B3490C /* autoLayout.app */,
				D97C84C1207F082800B3490C /* autoLayoutTests.xctest */,
				D97C84CC207F082800B3490C /* autoLayoutUITests.xctest */,
			);
			name = Products;
			sourceTree = "<group>";
		};
		D97C84AF207F082700B3490C /* autoLayout */ = {
			isa = PBXGroup;
			children = (
				D97C84B0207F082700B3490C /* AppDelegate.swift */,
				D97C84B2207F082700B3490C /* ViewController.swift */,
				D97C84B4207F082700B3490C /* Main.storyboard */,
				D97C84B7207F082700B3490C /* Assets.xcassets */,
				D97C84B9207F082700B3490C /* LaunchScreen.storyboard */,
				D97C84BC207F082700B3490C /* Info.plist */,
			);
			path = autoLayout;
			sourceTree = "<group>";
		};
		D97C84C4207F082800B3490C /* autoLayoutTests */ = {
			isa = PBXGroup;
			children = (
				D97C84C5207F082800B3490C /* autoLayoutTests.swift */,
				D97C84C7207F082800B3490C /* Info.plist */,
			);
			path = autoLayoutTests;
			sourceTree = "<group>";
		};
		D97C84CF207F082800B3490C /* autoLayoutUITests */ = {
			isa = PBXGroup;
			children = (
				D97C84D0207F082800B3490C /* autoLayoutUITests.swift */,
				D97C84D2207F082800B3490C /* Info.plist */,
			);
			path = autoLayoutUITests;
			sourceTree = "<group>";
		};
/* End PBXGroup section */

/* Begin PBXNativeTarget section */
		D97C84AC207F082700B3490C /* autoLayout */ = {
			isa = PBXNativeTarget;
			buildConfigurationList = D97C84D5207F082800B3490C /* Build configuration list for PBXNativeTarget "autoLayout" */;
			buildPhases = (
				D97C84A9207F082700B3490C /* Sources */,
				D97C84AA207F082700B3490C /* Frameworks */,
				D97C84AB207F082700B3490C /* Resources */,
			);
			buildRules = (
			);
			dependencies = (
			);
			name = autoLayout;
			productName = autoLayout;
			productReference = D97C84AD207F082700B3490C /* autoLayout.app */;
			productType = "com.apple.product-type.application";
		};
		D97C84C0207F082800B3490C /* autoLayoutTests */ = {
			isa = PBXNativeTarget;
			buildConfigurationList = D97C84D8207F082800B3490C /* Build configuration list for PBXNativeTarget "autoLayoutTests" */;
			buildPhases = (
				D97C84BD207F082800B3490C /* Sources */,
				D97C84BE207F082800B3490C /* Frameworks */,
				D97C84BF207F082800B3490C /* Resources */,
			);
			buildRules = (
			);
			dependencies = (
				D97C84C3207F082800B3490C /* PBXTargetDependency */,
			);
			name = autoLayoutTests;
			productName = autoLayoutTests;
			productReference = D97C84C1207F082800B3490C /* autoLayoutTests.xctest */;
			productType = "com.apple.product-type.bundle.unit-test";
		};
		D97C84CB207F082800B3490C /* autoLayoutUITests */ = {
			isa = PBXNativeTarget;
			buildConfigurationList = D97C84DB207F082800B3490C /* Build configuration list for PBXNativeTarget "autoLayoutUITests" */;
			buildPhases = (
				D97C84C8207F082800B3490C /* Sources */,
				D97C84C9207F082800B3490C /* Frameworks */,
				D97C84CA207F082800B3490C /* Resources */,
			);
			buildRules = (
			);
			dependencies = (
				D97C84CE207F082800B3490C /* PBXTargetDependency */,
			);
			name = autoLayoutUITests;
			productName = autoLayoutUITests;
			productReference = D97C84CC207F082800B3490C /* autoLayoutUITests.xctest */;
			productType = "com.apple.product-type.bundle.ui-testing";
		};
/* End PBXNativeTarget section */

/* Begin PBXProject section */
		D97C84A5207F082700B3490C /* Project object */ = {
			isa = PBXProject;
			attributes = {
				LastSwiftUpdateCheck = 0920;
				LastUpgradeCheck = 0920;
				ORGANIZATIONNAME = calvin.chang;
				TargetAttributes = {
					D97C84AC207F082700B3490C = {
						CreatedOnToolsVersion = 9.2;
						ProvisioningStyle = Automatic;
					};
					D97C84C0207F082800B3490C = {
						CreatedOnToolsVersion = 9.2;
						ProvisioningStyle = Automatic;
						TestTargetID = D97C84AC207F082700B3490C;
					};
					D97C84CB207F082800B3490C = {
						CreatedOnToolsVersion = 9.2;
						ProvisioningStyle = Automatic;
						TestTargetID = D97C84AC207F082700B3490C;
					};
				};
			};
			buildConfigurationList = D97C84A8207F082700B3490C /* Build configuration list for PBXProject "autoLayout" */;
			compatibilityVersion = "Xcode 8.0";
			developmentRegion = en;
			hasScannedForEncodings = 0;
			knownRegions = (
				en,
				Base,
			);
			mainGroup = D97C84A4207F082700B3490C;
			productRefGroup = D97C84AE207F082700B3490C /* Products */;
			projectDirPath = "";
			projectRoot = "";
			targets = (
				D97C84AC207F082700B3490C /* autoLayout */,
				D97C84C0207F082800B3490C /* autoLayoutTests */,
				D97C84CB207F082800B3490C /* autoLayoutUITests */,
			);
		};
/* End PBXProject section */

/* Begin PBXResourcesBuildPhase section */
		D97C84AB207F082700B3490C /* Resources */ = {
			isa = PBXResourcesBuildPhase;
			buildActionMask = 2147483647;
			files = (
				D97C84BB207F082700B3490C /* LaunchScreen.storyboard in Resources */,
				D97C84B8207F082700B3490C /* Assets.xcassets in Resources */,
				D97C84B6207F082700B3490C /* Main.storyboard in Resources */,
			);
			runOnlyForDeploymentPostprocessing = 0;
		};
		D97C84BF207F082800B3490C /* Resources */ = {
			isa = PBXResourcesBuildPhase;
			buildActionMask = 2147483647;
			files = (
			);
			runOnlyForDeploymentPostprocessing = 0;
		};
		D97C84CA207F082800B3490C /* Resources */ = {
			isa = PBXResourcesBuildPhase;
			buildActionMask = 2147483647;
			files = (
			);
			runOnlyForDeploymentPostprocessing = 0;
		};
/* End PBXResourcesBuildPhase section */

/* Begin PBXSourcesBuildPhase section */
		D97C84A9207F082700B3490C /* Sources */ = {
			isa = PBXSourcesBuildPhase;
			buildActionMask = 2147483647;
			files = (
				D97C84B3207F082700B3490C /* ViewController.swift in Sources */,
				D97C84B1207F082700B3490C /* AppDelegate.swift in Sources */,
			);
			runOnlyForDeploymentPostprocessing = 0;
		};
		D97C84BD207F082800B3490C /* Sources */ = {
			isa = PBXSourcesBuildPhase;
			buildActionMask = 2147483647;
			files = (
				D97C84C6207F082800B3490C /* autoLayoutTests.swift in Sources */,
			);
			runOnlyForDeploymentPostprocessing = 0;
		};
		D97C84C8207F082800B3490C /* Sources */ = {
			isa = PBXSourcesBuildPhase;
			buildActionMask = 2147483647;
			files = (
				D97C84D1207F082800B3490C /* autoLayoutUITests.swift in Sources */,
			);
			runOnlyForDeploymentPostprocessing = 0;
		};
/* End PBXSourcesBuildPhase section */

/* Begin PBXTargetDependency section */
		D97C84C3207F082800B3490C /* PBXTargetDependency */ = {
			isa = PBXTargetDependency;
			target = D97C84AC207F082700B3490C /* autoLayout */;
			targetProxy = D97C84C2207F082800B3490C /* PBXContainerItemProxy */;
		};
		D97C84CE207F082800B3490C /* PBXTargetDependency */ = {
			isa = PBXTargetDependency;
			target = D97C84AC207F082700B3490C /* autoLayout */;
			targetProxy = D97C84CD207F082800B3490C /* PBXContainerItemProxy */;
		};
/* End PBXTargetDependency section */

/* Begin PBXVariantGroup section */
		D97C84B4207F082700B3490C /* Main.storyboard */ = {
			isa = PBXVariantGroup;
			children = (
				D97C84B5207F082700B3490C /* Base */,
			);
			name = Main.storyboard;
			sourceTree = "<group>";
		};
		D97C84B9207F082700B3490C /* LaunchScreen.storyboard */ = {
			isa = PBXVariantGroup;
			children = (
				D97C84BA207F082700B3490C /* Base */,
			);
			name = LaunchScreen.storyboard;
			sourceTree = "<group>";
		};
/* End PBXVariantGroup section */

/* Begin XCBuildConfiguration section */
		D97C84D3207F082800B3490C /* Debug */ = {
			isa = XCBuildConfiguration;
			buildSettings = {
				ALWAYS_SEARCH_USER_PATHS = NO;
				CLANG_ANALYZER_NONNULL = YES;
				CLANG_ANALYZER_NUMBER_OBJECT_CONVERSION = YES_AGGRESSIVE;
				CLANG_CXX_LANGUAGE_STANDARD = "gnu++14";
				CLANG_CXX_LIBRARY = "libc++";
				CLANG_ENABLE_MODULES = YES;
				CLANG_ENABLE_OBJC_ARC = YES;
				CLANG_WARN_BLOCK_CAPTURE_AUTORELEASING = YES;
				CLANG_WARN_BOOL_CONVERSION = YES;
				CLANG_WARN_COMMA = YES;
				CLANG_WARN_CONSTANT_CONVERSION = YES;
				CLANG_WARN_DIRECT_OBJC_ISA_USAGE = YES_ERROR;
				CLANG_WARN_DOCUMENTATION_COMMENTS = YES;
				CLANG_WARN_EMPTY_BODY = YES;
				CLANG_WARN_ENUM_CONVERSION = YES;
				CLANG_WARN_INFINITE_RECURSION = YES;
				CLANG_WARN_INT_CONVERSION = YES;
				CLANG_WARN_NON_LITERAL_NULL_CONVERSION = YES;
				CLANG_WARN_OBJC_LITERAL_CONVERSION = YES;
				CLANG_WARN_OBJC_ROOT_CLASS = YES_ERROR;
				CLANG_WARN_RANGE_LOOP_ANALYSIS = YES;
				CLANG_WARN_STRICT_PROTOTYPES = YES;
				CLANG_WARN_SUSPICIOUS_MOVE = YES;
				CLANG_WARN_UNGUARDED_AVAILABILITY = YES_AGGRESSIVE;
				CLANG_WARN_UNREACHABLE_CODE = YES;
				CLANG_WARN__DUPLICATE_METHOD_MATCH = YES;
				CODE_SIGN_IDENTITY = "iPhone Developer";
				COPY_PHASE_STRIP = NO;
				DEBUG_INFORMATION_FORMAT = dwarf;
				ENABLE_STRICT_OBJC_MSGSEND = YES;
				ENABLE_TESTABILITY = YES;
				GCC_C_LANGUAGE_STANDARD = gnu11;
				GCC_DYNAMIC_NO_PIC = NO;
				GCC_NO_COMMON_BLOCKS = YES;
				GCC_OPTIMIZATION_LEVEL = 0;
				GCC_PREPROCESSOR_DEFINITIONS = (
					"DEBUG=1",
					"$(inherited)",
				);
				GCC_WARN_64_TO_32_BIT_CONVERSION = YES;
				GCC_WARN_ABOUT_RETURN_TYPE = YES_ERROR;
				GCC_WARN_UNDECLARED_SELECTOR = YES;
				GCC_WARN_UNINITIALIZED_AUTOS = YES_AGGRESSIVE;
				GCC_WARN_UNUSED_FUNCTION = YES;
				GCC_WARN_UNUSED_VARIABLE = YES;
				IPHONEOS_DEPLOYMENT_TARGET = 11.2;
				MTL_ENABLE_DEBUG_INFO = YES;
				ONLY_ACTIVE_ARCH = YES;
				SDKROOT = iphoneos;
				SWIFT_ACTIVE_COMPILATION_CONDITIONS = DEBUG;
				SWIFT_OPTIMIZATION_LEVEL = "-Onone";
			};
			name = Debug;
		};
		D97C84D4207F082800B3490C /* Release */ = {
			isa = XCBuildConfiguration;
			buildSettings = {
				ALWAYS_SEARCH_USER_PATHS = NO;
				CLANG_ANALYZER_NONNULL = YES;
				CLANG_ANALYZER_NUMBER_OBJECT_CONVERSION = YES_AGGRESSIVE;
				CLANG_CXX_LANGUAGE_STANDARD = "gnu++14";
				CLANG_CXX_LIBRARY = "libc++";
				CLANG_ENABLE_MODULES = YES;
				CLANG_ENABLE_OBJC_ARC = YES;
				CLANG_WARN_BLOCK_CAPTURE_AUTORELEASING = YES;
				CLANG_WARN_BOOL_CONVERSION = YES;
				CLANG_WARN_COMMA = YES;
				CLANG_WARN_CONSTANT_CONVERSION = YES;
				CLANG_WARN_DIRECT_OBJC_ISA_USAGE = YES_ERROR;
				CLANG_WARN_DOCUMENTATION_COMMENTS = YES;
				CLANG_WARN_EMPTY_BODY = YES;
				CLANG_WARN_ENUM_CONVERSION = YES;
				CLANG_WARN_INFINITE_RECURSION = YES;
				CLANG_WARN_INT_CONVERSION = YES;
				CLANG_WARN_NON_LITERAL_NULL_CONVERSION = YES;
				CLANG_WARN_OBJC_LITERAL_CONVERSION = YES;
				CLANG_WARN_OBJC_ROOT_CLASS = YES_ERROR;
				CLANG_WARN_RANGE_LOOP_ANALYSIS = YES;
				CLANG_WARN_STRICT_PROTOTYPES = YES;
				CLANG_WARN_SUSPICIOUS_MOVE = YES;
				CLANG_WARN_UNGUARDED_AVAILABILITY = YES_AGGRESSIVE;
				CLANG_WARN_UNREACHABLE_CODE = YES;
				CLANG_WARN__DUPLICATE_METHOD_MATCH = YES;
				CODE_SIGN_IDENTITY = "iPhone Developer";
				COPY_PHASE_STRIP = NO;
				DEBUG_INFORMATION_FORMAT = "dwarf-with-dsym";
				ENABLE_NS_ASSERTIONS = NO;
				ENABLE_STRICT_OBJC_MSGSEND = YES;
				GCC_C_LANGUAGE_STANDARD = gnu11;
				GCC_NO_COMMON_BLOCKS = YES;
				GCC_WARN_64_TO_32_BIT_CONVERSION = YES;
				GCC_WARN_ABOUT_RETURN_TYPE = YES_ERROR;
				GCC_WARN_UNDECLARED_SELECTOR = YES;
				GCC_WARN_UNINITIALIZED_AUTOS = YES_AGGRESSIVE;
				GCC_WARN_UNUSED_FUNCTION = YES;
				GCC_WARN_UNUSED_VARIABLE = YES;
				IPHONEOS_DEPLOYMENT_TARGET = 11.2;
				MTL_ENABLE_DEBUG_INFO = NO;
				SDKROOT = iphoneos;
				SWIFT_OPTIMIZATION_LEVEL = "-Owholemodule";
				VALIDATE_PRODUCT = YES;
			};
			name = Release;
		};
		D97C84D6207F082800B3490C /* Debug */ = {
			isa = XCBuildConfiguration;
			buildSettings = {
				ASSETCATALOG_COMPILER_APPICON_NAME = AppIcon;
				CODE_SIGN_STYLE = Automatic;
				INFOPLIST_FILE = autoLayout/Info.plist;
				LD_RUNPATH_SEARCH_PATHS = "$(inherited) @executable_path/Frameworks";
				PRODUCT_BUNDLE_IDENTIFIER = com.calvin.autoLayout;
				PRODUCT_NAME = "$(TARGET_NAME)";
				SWIFT_VERSION = 4.0;
				TARGETED_DEVICE_FAMILY = "1,2";
			};
			name = Debug;
		};
		D97C84D7207F082800B3490C /* Release */ = {
			isa = XCBuildConfiguration;
			buildSettings = {
				ASSETCATALOG_COMPILER_APPICON_NAME = AppIcon;
				CODE_SIGN_STYLE = Automatic;
				INFOPLIST_FILE = autoLayout/Info.plist;
				LD_RUNPATH_SEARCH_PATHS = "$(inherited) @executable_path/Frameworks";
				PRODUCT_BUNDLE_IDENTIFIER = com.calvin.autoLayout;
				PRODUCT_NAME = "$(TARGET_NAME)";
				SWIFT_VERSION = 4.0;
				TARGETED_DEVICE_FAMILY = "1,2";
			};
			name = Release;
		};
		D97C84D9207F082800B3490C /* Debug */ = {
			isa = XCBuildConfiguration;
			buildSettings = {
				ALWAYS_EMBED_SWIFT_STANDARD_LIBRARIES = YES;
				BUNDLE_LOADER = "$(TEST_HOST)";
				CODE_SIGN_STYLE = Automatic;
				INFOPLIST_FILE = autoLayoutTests/Info.plist;
				LD_RUNPATH_SEARCH_PATHS = "$(inherited) @executable_path/Frameworks @loader_path/Frameworks";
				PRODUCT_BUNDLE_IDENTIFIER = com.calvin.autoLayoutTests;
				PRODUCT_NAME = "$(TARGET_NAME)";
				SWIFT_VERSION = 4.0;
				TARGETED_DEVICE_FAMILY = "1,2";
				TEST_HOST = "$(BUILT_PRODUCTS_DIR)/autoLayout.app/autoLayout";
			};
			name = Debug;
		};
		D97C84DA207F082800B3490C /* Release */ = {
			isa = XCBuildConfiguration;
			buildSettings = {
				ALWAYS_EMBED_SWIFT_STANDARD_LIBRARIES = YES;
				BUNDLE_LOADER = "$(TEST_HOST)";
				CODE_SIGN_STYLE = Automatic;
				INFOPLIST_FILE = autoLayoutTests/Info.plist;
				LD_RUNPATH_SEARCH_PATHS = "$(inherited) @executable_path/Frameworks @loader_path/Frameworks";
				PRODUCT_BUNDLE_IDENTIFIER = com.calvin.autoLayoutTests;
				PRODUCT_NAME = "$(TARGET_NAME)";
				SWIFT_VERSION = 4.0;
				TARGETED_DEVICE_FAMILY = "1,2";
				TEST_HOST = "$(BUILT_PRODUCTS_DIR)/autoLayout.app/autoLayout";
			};
			name = Release;
		};
		D97C84DC207F082800B3490C /* Debug */ = {
			isa = XCBuildConfiguration;
			buildSettings = {
				ALWAYS_EMBED_SWIFT_STANDARD_LIBRARIES = YES;
				CODE_SIGN_STYLE = Automatic;
				INFOPLIST_FILE = autoLayoutUITests/Info.plist;
				LD_RUNPATH_SEARCH_PATHS = "$(inherited) @executable_path/Frameworks @loader_path/Frameworks";
				PRODUCT_BUNDLE_IDENTIFIER = com.calvin.autoLayoutUITests;
				PRODUCT_NAME = "$(TARGET_NAME)";
				SWIFT_VERSION = 4.0;
				TARGETED_DEVICE_FAMILY = "1,2";
				TEST_TARGET_NAME = autoLayout;
			};
			name = Debug;
		};
		D97C84DD207F082800B3490C /* Release */ = {
			isa = XCBuildConfiguration;
			buildSettings = {
				ALWAYS_EMBED_SWIFT_STANDARD_LIBRARIES = YES;
				CODE_SIGN_STYLE = Automatic;
				INFOPLIST_FILE = autoLayoutUITests/Info.plist;
				LD_RUNPATH_SEARCH_PATHS = "$(inherited) @executable_path/Frameworks @loader_path/Frameworks";
				PRODUCT_BUNDLE_IDENTIFIER = com.calvin.autoLayoutUITests;
				PRODUCT_NAME = "$(TARGET_NAME)";
				SWIFT_VERSION = 4.0;
				TARGETED_DEVICE_FAMILY = "1,2";
				TEST_TARGET_NAME = autoLayout;
			};
			name = Release;
		};
/* End XCBuildConfiguration section */

/* Begin XCConfigurationList section */
		D97C84A8207F082700B3490C /* Build configuration list for PBXProject "autoLayout" */ = {
			isa = XCConfigurationList;
			buildConfigurations = (
				D97C84D3207F082800B3490C /* Debug */,
				D97C84D4207F082800B3490C /* Release */,
			);
			defaultConfigurationIsVisible = 0;
			defaultConfigurationName = Release;
		};
		D97C84D5207F082800B3490C /* Build configuration list for PBXNativeTarget "autoLayout" */ = {
			isa = XCConfigurationList;
			buildConfigurations = (
				D97C84D6207F082800B3490C /* Debug */,
				D97C84D7207F082800B3490C /* Release */,
			);
			defaultConfigurationIsVisible = 0;
			defaultConfigurationName = Release;
		};
		D97C84D8207F082800B3490C /* Build configuration list for PBXNativeTarget "autoLayoutTests" */ = {
			isa = XCConfigurationList;
			buildConfigurations = (
				D97C84D9207F082800B3490C /* Debug */,
				D97C84DA207F082800B3490C /* Release */,
			);
			defaultConfigurationIsVisible = 0;
			defaultConfigurationName = Release;
		};
		D97C84DB207F082800B3490C /* Build configuration list for PBXNativeTarget "autoLayoutUITests" */ = {
			isa = XCConfigurationList;
			buildConfigurations = (
				D97C84DC207F082800B3490C /* Debug */,
				D97C84DD207F082800B3490C /* Release */,
			);
			defaultConfigurationIsVisible = 0;
			defaultConfigurationName = Release;
		};
/* End XCConfigurationList section */
	};
	rootObject = D97C84A5207F082700B3490C /* Project object */;
}
